// !$*UTF8*$!
{
	archiveVersion = 1;
	classes = {
	};
	objectVersion = 50;
	objects = {

/* Begin PBXBuildFile section */
		952DD60025011D1500595B7A /* BookList.swift in Sources */ = {isa = PBXBuildFile; fileRef = 952DD5FF25011D1500595B7A /* BookList.swift */; };
		952DD60225011DF300595B7A /* BookDetail.swift in Sources */ = {isa = PBXBuildFile; fileRef = 952DD60125011DF300595B7A /* BookDetail.swift */; };
		952DD60425011E0F00595B7A /* BookRow.swift in Sources */ = {isa = PBXBuildFile; fileRef = 952DD60325011E0F00595B7A /* BookRow.swift */; };
		952DD60725011EC600595B7A /* VolumeResults.swift in Sources */ = {isa = PBXBuildFile; fileRef = 952DD60625011EC600595B7A /* VolumeResults.swift */; };
		952DD609250124F600595B7A /* Data.swift in Sources */ = {isa = PBXBuildFile; fileRef = 952DD608250124F600595B7A /* Data.swift */; };
		952DD60C25012F9300595B7A /* books-on-artificial-intelligence.json in Resources */ = {isa = PBXBuildFile; fileRef = 952DD60A25012F9300595B7A /* books-on-artificial-intelligence.json */; };
		952DD60D25012F9300595B7A /* books-on-test.json in Resources */ = {isa = PBXBuildFile; fileRef = 952DD60B25012F9300595B7A /* books-on-test.json */; };
		95AAA5102500954F00F7F4B4 /* AppDelegate.swift in Sources */ = {isa = PBXBuildFile; fileRef = 95AAA50F2500954F00F7F4B4 /* AppDelegate.swift */; };
		95AAA5122500954F00F7F4B4 /* SceneDelegate.swift in Sources */ = {isa = PBXBuildFile; fileRef = 95AAA5112500954F00F7F4B4 /* SceneDelegate.swift */; };
		95AAA5142500954F00F7F4B4 /* LaunchView.swift in Sources */ = {isa = PBXBuildFile; fileRef = 95AAA5132500954F00F7F4B4 /* LaunchView.swift */; };
		95AAA5162500955000F7F4B4 /* Assets.xcassets in Resources */ = {isa = PBXBuildFile; fileRef = 95AAA5152500955000F7F4B4 /* Assets.xcassets */; };
		95AAA5192500955000F7F4B4 /* Preview Assets.xcassets in Resources */ = {isa = PBXBuildFile; fileRef = 95AAA5182500955000F7F4B4 /* Preview Assets.xcassets */; };
		95AAA51C2500955000F7F4B4 /* LaunchScreen.storyboard in Resources */ = {isa = PBXBuildFile; fileRef = 95AAA51A2500955000F7F4B4 /* LaunchScreen.storyboard */; };
		95AAA5272500955000F7F4B4 /* GrandhalayTests.swift in Sources */ = {isa = PBXBuildFile; fileRef = 95AAA5262500955000F7F4B4 /* GrandhalayTests.swift */; };
		95AAA5322500955000F7F4B4 /* GrandhalayUITests.swift in Sources */ = {isa = PBXBuildFile; fileRef = 95AAA5312500955000F7F4B4 /* GrandhalayUITests.swift */; };
/* End PBXBuildFile section */

/* Begin PBXContainerItemProxy section */
		95AAA5232500955000F7F4B4 /* PBXContainerItemProxy */ = {
			isa = PBXContainerItemProxy;
			containerPortal = 95AAA5042500954F00F7F4B4 /* Project object */;
			proxyType = 1;
			remoteGlobalIDString = 95AAA50B2500954F00F7F4B4;
			remoteInfo = Grandhalay;
		};
		95AAA52E2500955000F7F4B4 /* PBXContainerItemProxy */ = {
			isa = PBXContainerItemProxy;
			containerPortal = 95AAA5042500954F00F7F4B4 /* Project object */;
			proxyType = 1;
			remoteGlobalIDString = 95AAA50B2500954F00F7F4B4;
			remoteInfo = Grandhalay;
		};
/* End PBXContainerItemProxy section */

/* Begin PBXFileReference section */
		952DD5FF25011D1500595B7A /* BookList.swift */ = {isa = PBXFileReference; lastKnownFileType = sourcecode.swift; path = BookList.swift; sourceTree = "<group>"; };
		952DD60125011DF300595B7A /* BookDetail.swift */ = {isa = PBXFileReference; lastKnownFileType = sourcecode.swift; path = BookDetail.swift; sourceTree = "<group>"; };
		952DD60325011E0F00595B7A /* BookRow.swift */ = {isa = PBXFileReference; lastKnownFileType = sourcecode.swift; path = BookRow.swift; sourceTree = "<group>"; };
		952DD60625011EC600595B7A /* VolumeResults.swift */ = {isa = PBXFileReference; lastKnownFileType = sourcecode.swift; path = VolumeResults.swift; sourceTree = "<group>"; };
		952DD608250124F600595B7A /* Data.swift */ = {isa = PBXFileReference; lastKnownFileType = sourcecode.swift; path = Data.swift; sourceTree = "<group>"; };
		952DD60A25012F9300595B7A /* books-on-artificial-intelligence.json */ = {isa = PBXFileReference; fileEncoding = 4; lastKnownFileType = text.json; path = "books-on-artificial-intelligence.json"; sourceTree = "<group>"; };
		952DD60B25012F9300595B7A /* books-on-test.json */ = {isa = PBXFileReference; fileEncoding = 4; lastKnownFileType = text.json; path = "books-on-test.json"; sourceTree = "<group>"; };
		95AAA50C2500954F00F7F4B4 /* Grandhalay.app */ = {isa = PBXFileReference; explicitFileType = wrapper.application; includeInIndex = 0; path = Grandhalay.app; sourceTree = BUILT_PRODUCTS_DIR; };
		95AAA50F2500954F00F7F4B4 /* AppDelegate.swift */ = {isa = PBXFileReference; lastKnownFileType = sourcecode.swift; path = AppDelegate.swift; sourceTree = "<group>"; };
		95AAA5112500954F00F7F4B4 /* SceneDelegate.swift */ = {isa = PBXFileReference; lastKnownFileType = sourcecode.swift; path = SceneDelegate.swift; sourceTree = "<group>"; };
		95AAA5132500954F00F7F4B4 /* LaunchView.swift */ = {isa = PBXFileReference; lastKnownFileType = sourcecode.swift; path = LaunchView.swift; sourceTree = "<group>"; };
		95AAA5152500955000F7F4B4 /* Assets.xcassets */ = {isa = PBXFileReference; lastKnownFileType = folder.assetcatalog; path = Assets.xcassets; sourceTree = "<group>"; };
		95AAA5182500955000F7F4B4 /* Preview Assets.xcassets */ = {isa = PBXFileReference; lastKnownFileType = folder.assetcatalog; path = "Preview Assets.xcassets"; sourceTree = "<group>"; };
		95AAA51B2500955000F7F4B4 /* Base */ = {isa = PBXFileReference; lastKnownFileType = file.storyboard; name = Base; path = Base.lproj/LaunchScreen.storyboard; sourceTree = "<group>"; };
		95AAA51D2500955000F7F4B4 /* Info.plist */ = {isa = PBXFileReference; lastKnownFileType = text.plist.xml; path = Info.plist; sourceTree = "<group>"; };
		95AAA5222500955000F7F4B4 /* GrandhalayTests.xctest */ = {isa = PBXFileReference; explicitFileType = wrapper.cfbundle; includeInIndex = 0; path = GrandhalayTests.xctest; sourceTree = BUILT_PRODUCTS_DIR; };
		95AAA5262500955000F7F4B4 /* GrandhalayTests.swift */ = {isa = PBXFileReference; lastKnownFileType = sourcecode.swift; path = GrandhalayTests.swift; sourceTree = "<group>"; };
		95AAA5282500955000F7F4B4 /* Info.plist */ = {isa = PBXFileReference; lastKnownFileType = text.plist.xml; path = Info.plist; sourceTree = "<group>"; };
		95AAA52D2500955000F7F4B4 /* GrandhalayUITests.xctest */ = {isa = PBXFileReference; explicitFileType = wrapper.cfbundle; includeInIndex = 0; path = GrandhalayUITests.xctest; sourceTree = BUILT_PRODUCTS_DIR; };
		95AAA5312500955000F7F4B4 /* GrandhalayUITests.swift */ = {isa = PBXFileReference; lastKnownFileType = sourcecode.swift; path = GrandhalayUITests.swift; sourceTree = "<group>"; };
		95AAA5332500955000F7F4B4 /* Info.plist */ = {isa = PBXFileReference; lastKnownFileType = text.plist.xml; path = Info.plist; sourceTree = "<group>"; };
/* End PBXFileReference section */

/* Begin PBXFrameworksBuildPhase section */
		95AAA5092500954F00F7F4B4 /* Frameworks */ = {
			isa = PBXFrameworksBuildPhase;
			buildActionMask = 2147483647;
			files = (
			);
			runOnlyForDeploymentPostprocessing = 0;
		};
		95AAA51F2500955000F7F4B4 /* Frameworks */ = {
			isa = PBXFrameworksBuildPhase;
			buildActionMask = 2147483647;
			files = (
			);
			runOnlyForDeploymentPostprocessing = 0;
		};
		95AAA52A2500955000F7F4B4 /* Frameworks */ = {
			isa = PBXFrameworksBuildPhase;
			buildActionMask = 2147483647;
			files = (
			);
			runOnlyForDeploymentPostprocessing = 0;
		};
/* End PBXFrameworksBuildPhase section */

/* Begin PBXGroup section */
		952DD5FC250115F500595B7A /* Books */ = {
			isa = PBXGroup;
			children = (
				952DD60125011DF300595B7A /* BookDetail.swift */,
				952DD5FF25011D1500595B7A /* BookList.swift */,
				952DD60325011E0F00595B7A /* BookRow.swift */,
			);
			path = Books;
			sourceTree = "<group>";
		};
		952DD5FD2501161800595B7A /* Resources */ = {
			isa = PBXGroup;
			children = (
				952DD60A25012F9300595B7A /* books-on-artificial-intelligence.json */,
				952DD60B25012F9300595B7A /* books-on-test.json */,
			);
			path = Resources;
			sourceTree = "<group>";
		};
		952DD5FE2501164D00595B7A /* Splash */ = {
			isa = PBXGroup;
			children = (
				95AAA5132500954F00F7F4B4 /* LaunchView.swift */,
			);
			path = Splash;
			sourceTree = "<group>";
		};
		952DD60525011E8E00595B7A /* Models */ = {
			isa = PBXGroup;
			children = (
				952DD60625011EC600595B7A /* VolumeResults.swift */,
				952DD608250124F600595B7A /* Data.swift */,
			);
			path = Models;
			sourceTree = "<group>";
		};
		95AAA5032500954F00F7F4B4 = {
			isa = PBXGroup;
			children = (
				95AAA50E2500954F00F7F4B4 /* Grandhalay */,
				95AAA5252500955000F7F4B4 /* GrandhalayTests */,
				95AAA5302500955000F7F4B4 /* GrandhalayUITests */,
				95AAA50D2500954F00F7F4B4 /* Products */,
			);
			sourceTree = "<group>";
		};
		95AAA50D2500954F00F7F4B4 /* Products */ = {
			isa = PBXGroup;
			children = (
				95AAA50C2500954F00F7F4B4 /* Grandhalay.app */,
				95AAA5222500955000F7F4B4 /* GrandhalayTests.xctest */,
				95AAA52D2500955000F7F4B4 /* GrandhalayUITests.xctest */,
			);
			name = Products;
			sourceTree = "<group>";
		};
		95AAA50E2500954F00F7F4B4 /* Grandhalay */ = {
			isa = PBXGroup;
			children = (
				952DD5FC250115F500595B7A /* Books */,
				952DD60525011E8E00595B7A /* Models */,
				952DD5FE2501164D00595B7A /* Splash */,
				952DD5FD2501161800595B7A /* Resources */,
				95AAA50F2500954F00F7F4B4 /* AppDelegate.swift */,
				95AAA5112500954F00F7F4B4 /* SceneDelegate.swift */,
				95AAA5152500955000F7F4B4 /* Assets.xcassets */,
				95AAA51A2500955000F7F4B4 /* LaunchScreen.storyboard */,
				95AAA51D2500955000F7F4B4 /* Info.plist */,
				95AAA5172500955000F7F4B4 /* Preview Content */,
			);
			path = Grandhalay;
			sourceTree = "<group>";
		};
		95AAA5172500955000F7F4B4 /* Preview Content */ = {
			isa = PBXGroup;
			children = (
				95AAA5182500955000F7F4B4 /* Preview Assets.xcassets */,
			);
			path = "Preview Content";
			sourceTree = "<group>";
		};
		95AAA5252500955000F7F4B4 /* GrandhalayTests */ = {
			isa = PBXGroup;
			children = (
				95AAA5262500955000F7F4B4 /* GrandhalayTests.swift */,
				95AAA5282500955000F7F4B4 /* Info.plist */,
			);
			path = GrandhalayTests;
			sourceTree = "<group>";
		};
		95AAA5302500955000F7F4B4 /* GrandhalayUITests */ = {
			isa = PBXGroup;
			children = (
				95AAA5312500955000F7F4B4 /* GrandhalayUITests.swift */,
				95AAA5332500955000F7F4B4 /* Info.plist */,
			);
			path = GrandhalayUITests;
			sourceTree = "<group>";
		};
/* End PBXGroup section */

/* Begin PBXNativeTarget section */
		95AAA50B2500954F00F7F4B4 /* Grandhalay */ = {
			isa = PBXNativeTarget;
			buildConfigurationList = 95AAA5362500955000F7F4B4 /* Build configuration list for PBXNativeTarget "Grandhalay" */;
			buildPhases = (
				95AAA5082500954F00F7F4B4 /* Sources */,
				95AAA5092500954F00F7F4B4 /* Frameworks */,
				95AAA50A2500954F00F7F4B4 /* Resources */,
			);
			buildRules = (
			);
			dependencies = (
			);
			name = Grandhalay;
			productName = Grandhalay;
			productReference = 95AAA50C2500954F00F7F4B4 /* Grandhalay.app */;
			productType = "com.apple.product-type.application";
		};
		95AAA5212500955000F7F4B4 /* GrandhalayTests */ = {
			isa = PBXNativeTarget;
			buildConfigurationList = 95AAA5392500955000F7F4B4 /* Build configuration list for PBXNativeTarget "GrandhalayTests" */;
			buildPhases = (
				95AAA51E2500955000F7F4B4 /* Sources */,
				95AAA51F2500955000F7F4B4 /* Frameworks */,
				95AAA5202500955000F7F4B4 /* Resources */,
			);
			buildRules = (
			);
			dependencies = (
				95AAA5242500955000F7F4B4 /* PBXTargetDependency */,
			);
			name = GrandhalayTests;
			productName = GrandhalayTests;
			productReference = 95AAA5222500955000F7F4B4 /* GrandhalayTests.xctest */;
			productType = "com.apple.product-type.bundle.unit-test";
		};
		95AAA52C2500955000F7F4B4 /* GrandhalayUITests */ = {
			isa = PBXNativeTarget;
			buildConfigurationList = 95AAA53C2500955000F7F4B4 /* Build configuration list for PBXNativeTarget "GrandhalayUITests" */;
			buildPhases = (
				95AAA5292500955000F7F4B4 /* Sources */,
				95AAA52A2500955000F7F4B4 /* Frameworks */,
				95AAA52B2500955000F7F4B4 /* Resources */,
			);
			buildRules = (
			);
			dependencies = (
				95AAA52F2500955000F7F4B4 /* PBXTargetDependency */,
			);
			name = GrandhalayUITests;
			productName = GrandhalayUITests;
			productReference = 95AAA52D2500955000F7F4B4 /* GrandhalayUITests.xctest */;
			productType = "com.apple.product-type.bundle.ui-testing";
		};
/* End PBXNativeTarget section */

/* Begin PBXProject section */
		95AAA5042500954F00F7F4B4 /* Project object */ = {
			isa = PBXProject;
			attributes = {
				LastSwiftUpdateCheck = 1140;
				LastUpgradeCheck = 1140;
				ORGANIZATIONNAME = "agnostic foundation";
				TargetAttributes = {
					95AAA50B2500954F00F7F4B4 = {
						CreatedOnToolsVersion = 11.4;
					};
					95AAA5212500955000F7F4B4 = {
						CreatedOnToolsVersion = 11.4;
						TestTargetID = 95AAA50B2500954F00F7F4B4;
					};
					95AAA52C2500955000F7F4B4 = {
						CreatedOnToolsVersion = 11.4;
						TestTargetID = 95AAA50B2500954F00F7F4B4;
					};
				};
			};
			buildConfigurationList = 95AAA5072500954F00F7F4B4 /* Build configuration list for PBXProject "Grandhalay" */;
			compatibilityVersion = "Xcode 9.3";
			developmentRegion = en;
			hasScannedForEncodings = 0;
			knownRegions = (
				en,
				Base,
			);
			mainGroup = 95AAA5032500954F00F7F4B4;
			productRefGroup = 95AAA50D2500954F00F7F4B4 /* Products */;
			projectDirPath = "";
			projectRoot = "";
			targets = (
				95AAA50B2500954F00F7F4B4 /* Grandhalay */,
				95AAA5212500955000F7F4B4 /* GrandhalayTests */,
				95AAA52C2500955000F7F4B4 /* GrandhalayUITests */,
			);
		};
/* End PBXProject section */

/* Begin PBXResourcesBuildPhase section */
		95AAA50A2500954F00F7F4B4 /* Resources */ = {
			isa = PBXResourcesBuildPhase;
			buildActionMask = 2147483647;
			files = (
				95AAA51C2500955000F7F4B4 /* LaunchScreen.storyboard in Resources */,
				95AAA5192500955000F7F4B4 /* Preview Assets.xcassets in Resources */,
				952DD60C25012F9300595B7A /* books-on-artificial-intelligence.json in Resources */,
				952DD60D25012F9300595B7A /* books-on-test.json in Resources */,
				95AAA5162500955000F7F4B4 /* Assets.xcassets in Resources */,
			);
			runOnlyForDeploymentPostprocessing = 0;
		};
		95AAA5202500955000F7F4B4 /* Resources */ = {
			isa = PBXResourcesBuildPhase;
			buildActionMask = 2147483647;
			files = (
			);
			runOnlyForDeploymentPostprocessing = 0;
		};
		95AAA52B2500955000F7F4B4 /* Resources */ = {
			isa = PBXResourcesBuildPhase;
			buildActionMask = 2147483647;
			files = (
			);
			runOnlyForDeploymentPostprocessing = 0;
		};
/* End PBXResourcesBuildPhase section */

/* Begin PBXSourcesBuildPhase section */
		95AAA5082500954F00F7F4B4 /* Sources */ = {
			isa = PBXSourcesBuildPhase;
			buildActionMask = 2147483647;
			files = (
				952DD60025011D1500595B7A /* BookList.swift in Sources */,
				95AAA5102500954F00F7F4B4 /* AppDelegate.swift in Sources */,
				95AAA5122500954F00F7F4B4 /* SceneDelegate.swift in Sources */,
				95AAA5142500954F00F7F4B4 /* LaunchView.swift in Sources */,
				952DD60225011DF300595B7A /* BookDetail.swift in Sources */,
				952DD60725011EC600595B7A /* VolumeResults.swift in Sources */,
				952DD60425011E0F00595B7A /* BookRow.swift in Sources */,
				952DD609250124F600595B7A /* Data.swift in Sources */,
			);
			runOnlyForDeploymentPostprocessing = 0;
		};
		95AAA51E2500955000F7F4B4 /* Sources */ = {
			isa = PBXSourcesBuildPhase;
			buildActionMask = 2147483647;
			files = (
				95AAA5272500955000F7F4B4 /* GrandhalayTests.swift in Sources */,
			);
			runOnlyForDeploymentPostprocessing = 0;
		};
		95AAA5292500955000F7F4B4 /* Sources */ = {
			isa = PBXSourcesBuildPhase;
			buildActionMask = 2147483647;
			files = (
				95AAA5322500955000F7F4B4 /* GrandhalayUITests.swift in Sources */,
			);
			runOnlyForDeploymentPostprocessing = 0;
		};
/* End PBXSourcesBuildPhase section */

/* Begin PBXTargetDependency section */
		95AAA5242500955000F7F4B4 /* PBXTargetDependency */ = {
			isa = PBXTargetDependency;
			target = 95AAA50B2500954F00F7F4B4 /* Grandhalay */;
			targetProxy = 95AAA5232500955000F7F4B4 /* PBXContainerItemProxy */;
		};
		95AAA52F2500955000F7F4B4 /* PBXTargetDependency */ = {
			isa = PBXTargetDependency;
			target = 95AAA50B2500954F00F7F4B4 /* Grandhalay */;
			targetProxy = 95AAA52E2500955000F7F4B4 /* PBXContainerItemProxy */;
		};
/* End PBXTargetDependency section */

/* Begin PBXVariantGroup section */
		95AAA51A2500955000F7F4B4 /* LaunchScreen.storyboard */ = {
			isa = PBXVariantGroup;
			children = (
				95AAA51B2500955000F7F4B4 /* Base */,
			);
			name = LaunchScreen.storyboard;
			sourceTree = "<group>";
		};
/* End PBXVariantGroup section */

/* Begin XCBuildConfiguration section */
		95AAA5342500955000F7F4B4 /* Debug */ = {
			isa = XCBuildConfiguration;
			buildSettings = {
				ALWAYS_SEARCH_USER_PATHS = NO;
				CLANG_ANALYZER_NONNULL = YES;
				CLANG_ANALYZER_NUMBER_OBJECT_CONVERSION = YES_AGGRESSIVE;
				CLANG_CXX_LANGUAGE_STANDARD = "gnu++14";
				CLANG_CXX_LIBRARY = "libc++";
				CLANG_ENABLE_MODULES = YES;
				CLANG_ENABLE_OBJC_ARC = YES;
				CLANG_ENABLE_OBJC_WEAK = YES;
				CLANG_WARN_BLOCK_CAPTURE_AUTORELEASING = YES;
				CLANG_WARN_BOOL_CONVERSION = YES;
				CLANG_WARN_COMMA = YES;
				CLANG_WARN_CONSTANT_CONVERSION = YES;
				CLANG_WARN_DEPRECATED_OBJC_IMPLEMENTATIONS = YES;
				CLANG_WARN_DIRECT_OBJC_ISA_USAGE = YES_ERROR;
				CLANG_WARN_DOCUMENTATION_COMMENTS = YES;
				CLANG_WARN_EMPTY_BODY = YES;
				CLANG_WARN_ENUM_CONVERSION = YES;
				CLANG_WARN_INFINITE_RECURSION = YES;
				CLANG_WARN_INT_CONVERSION = YES;
				CLANG_WARN_NON_LITERAL_NULL_CONVERSION = YES;
				CLANG_WARN_OBJC_IMPLICIT_RETAIN_SELF = YES;
				CLANG_WARN_OBJC_LITERAL_CONVERSION = YES;
				CLANG_WARN_OBJC_ROOT_CLASS = YES_ERROR;
				CLANG_WARN_RANGE_LOOP_ANALYSIS = YES;
				CLANG_WARN_STRICT_PROTOTYPES = YES;
				CLANG_WARN_SUSPICIOUS_MOVE = YES;
				CLANG_WARN_UNGUARDED_AVAILABILITY = YES_AGGRESSIVE;
				CLANG_WARN_UNREACHABLE_CODE = YES;
				CLANG_WARN__DUPLICATE_METHOD_MATCH = YES;
				COPY_PHASE_STRIP = NO;
				DEBUG_INFORMATION_FORMAT = dwarf;
				ENABLE_STRICT_OBJC_MSGSEND = YES;
				ENABLE_TESTABILITY = YES;
				GCC_C_LANGUAGE_STANDARD = gnu11;
				GCC_DYNAMIC_NO_PIC = NO;
				GCC_NO_COMMON_BLOCKS = YES;
				GCC_OPTIMIZATION_LEVEL = 0;
				GCC_PREPROCESSOR_DEFINITIONS = (
					"DEBUG=1",
					"$(inherited)",
				);
				GCC_WARN_64_TO_32_BIT_CONVERSION = YES;
				GCC_WARN_ABOUT_RETURN_TYPE = YES_ERROR;
				GCC_WARN_UNDECLARED_SELECTOR = YES;
				GCC_WARN_UNINITIALIZED_AUTOS = YES_AGGRESSIVE;
				GCC_WARN_UNUSED_FUNCTION = YES;
				GCC_WARN_UNUSED_VARIABLE = YES;
				IPHONEOS_DEPLOYMENT_TARGET = 13.4;
				MTL_ENABLE_DEBUG_INFO = INCLUDE_SOURCE;
				MTL_FAST_MATH = YES;
				ONLY_ACTIVE_ARCH = YES;
				SDKROOT = iphoneos;
				SWIFT_ACTIVE_COMPILATION_CONDITIONS = DEBUG;
				SWIFT_OPTIMIZATION_LEVEL = "-Onone";
			};
			name = Debug;
		};
		95AAA5352500955000F7F4B4 /* Release */ = {
			isa = XCBuildConfiguration;
			buildSettings = {
				ALWAYS_SEARCH_USER_PATHS = NO;
				CLANG_ANALYZER_NONNULL = YES;
				CLANG_ANALYZER_NUMBER_OBJECT_CONVERSION = YES_AGGRESSIVE;
				CLANG_CXX_LANGUAGE_STANDARD = "gnu++14";
				CLANG_CXX_LIBRARY = "libc++";
				CLANG_ENABLE_MODULES = YES;
				CLANG_ENABLE_OBJC_ARC = YES;
				CLANG_ENABLE_OBJC_WEAK = YES;
				CLANG_WARN_BLOCK_CAPTURE_AUTORELEASING = YES;
				CLANG_WARN_BOOL_CONVERSION = YES;
				CLANG_WARN_COMMA = YES;
				CLANG_WARN_CONSTANT_CONVERSION = YES;
				CLANG_WARN_DEPRECATED_OBJC_IMPLEMENTATIONS = YES;
				CLANG_WARN_DIRECT_OBJC_ISA_USAGE = YES_ERROR;
				CLANG_WARN_DOCUMENTATION_COMMENTS = YES;
				CLANG_WARN_EMPTY_BODY = YES;
				CLANG_WARN_ENUM_CONVERSION = YES;
				CLANG_WARN_INFINITE_RECURSION = YES;
				CLANG_WARN_INT_CONVERSION = YES;
				CLANG_WARN_NON_LITERAL_NULL_CONVERSION = YES;
				CLANG_WARN_OBJC_IMPLICIT_RETAIN_SELF = YES;
				CLANG_WARN_OBJC_LITERAL_CONVERSION = YES;
				CLANG_WARN_OBJC_ROOT_CLASS = YES_ERROR;
				CLANG_WARN_RANGE_LOOP_ANALYSIS = YES;
				CLANG_WARN_STRICT_PROTOTYPES = YES;
				CLANG_WARN_SUSPICIOUS_MOVE = YES;
				CLANG_WARN_UNGUARDED_AVAILABILITY = YES_AGGRESSIVE;
				CLANG_WARN_UNREACHABLE_CODE = YES;
				CLANG_WARN__DUPLICATE_METHOD_MATCH = YES;
				COPY_PHASE_STRIP = NO;
				DEBUG_INFORMATION_FORMAT = "dwarf-with-dsym";
				ENABLE_NS_ASSERTIONS = NO;
				ENABLE_STRICT_OBJC_MSGSEND = YES;
				GCC_C_LANGUAGE_STANDARD = gnu11;
				GCC_NO_COMMON_BLOCKS = YES;
				GCC_WARN_64_TO_32_BIT_CONVERSION = YES;
				GCC_WARN_ABOUT_RETURN_TYPE = YES_ERROR;
				GCC_WARN_UNDECLARED_SELECTOR = YES;
				GCC_WARN_UNINITIALIZED_AUTOS = YES_AGGRESSIVE;
				GCC_WARN_UNUSED_FUNCTION = YES;
				GCC_WARN_UNUSED_VARIABLE = YES;
				IPHONEOS_DEPLOYMENT_TARGET = 13.4;
				MTL_ENABLE_DEBUG_INFO = NO;
				MTL_FAST_MATH = YES;
				SDKROOT = iphoneos;
				SWIFT_COMPILATION_MODE = wholemodule;
				SWIFT_OPTIMIZATION_LEVEL = "-O";
				VALIDATE_PRODUCT = YES;
			};
			name = Release;
		};
		95AAA5372500955000F7F4B4 /* Debug */ = {
			isa = XCBuildConfiguration;
			buildSettings = {
				ASSETCATALOG_COMPILER_APPICON_NAME = AppIcon;
				CODE_SIGN_STYLE = Automatic;
				DEVELOPMENT_ASSET_PATHS = "\"Grandhalay/Preview Content\"";
				ENABLE_PREVIEWS = YES;
				INFOPLIST_FILE = Grandhalay/Info.plist;
				LD_RUNPATH_SEARCH_PATHS = (
					"$(inherited)",
					"@executable_path/Frameworks",
				);
				PRODUCT_BUNDLE_IDENTIFIER = "org.agnostic-foundation.Grandhalay";
				PRODUCT_NAME = "$(TARGET_NAME)";
				SWIFT_VERSION = 5.0;
				TARGETED_DEVICE_FAMILY = "1,2";
			};
			name = Debug;
		};
		95AAA5382500955000F7F4B4 /* Release */ = {
			isa = XCBuildConfiguration;
			buildSettings = {
				ASSETCATALOG_COMPILER_APPICON_NAME = AppIcon;
				CODE_SIGN_STYLE = Automatic;
				DEVELOPMENT_ASSET_PATHS = "\"Grandhalay/Preview Content\"";
				ENABLE_PREVIEWS = YES;
				INFOPLIST_FILE = Grandhalay/Info.plist;
				LD_RUNPATH_SEARCH_PATHS = (
					"$(inherited)",
					"@executable_path/Frameworks",
				);
				PRODUCT_BUNDLE_IDENTIFIER = "org.agnostic-foundation.Grandhalay";
				PRODUCT_NAME = "$(TARGET_NAME)";
				SWIFT_VERSION = 5.0;
				TARGETED_DEVICE_FAMILY = "1,2";
			};
			name = Release;
		};
		95AAA53A2500955000F7F4B4 /* Debug */ = {
			isa = XCBuildConfiguration;
			buildSettings = {
				ALWAYS_EMBED_SWIFT_STANDARD_LIBRARIES = YES;
				BUNDLE_LOADER = "$(TEST_HOST)";
				CODE_SIGN_STYLE = Automatic;
				INFOPLIST_FILE = GrandhalayTests/Info.plist;
				IPHONEOS_DEPLOYMENT_TARGET = 13.4;
				LD_RUNPATH_SEARCH_PATHS = (
					"$(inherited)",
					"@executable_path/Frameworks",
					"@loader_path/Frameworks",
				);
				PRODUCT_BUNDLE_IDENTIFIER = "org.agnostic-foundation.GrandhalayTests";
				PRODUCT_NAME = "$(TARGET_NAME)";
				SWIFT_VERSION = 5.0;
				TARGETED_DEVICE_FAMILY = "1,2";
				TEST_HOST = "$(BUILT_PRODUCTS_DIR)/Grandhalay.app/Grandhalay";
			};
			name = Debug;
		};
		95AAA53B2500955000F7F4B4 /* Release */ = {
			isa = XCBuildConfiguration;
			buildSettings = {
				ALWAYS_EMBED_SWIFT_STANDARD_LIBRARIES = YES;
				BUNDLE_LOADER = "$(TEST_HOST)";
				CODE_SIGN_STYLE = Automatic;
				INFOPLIST_FILE = GrandhalayTests/Info.plist;
				IPHONEOS_DEPLOYMENT_TARGET = 13.4;
				LD_RUNPATH_SEARCH_PATHS = (
					"$(inherited)",
					"@executable_path/Frameworks",
					"@loader_path/Frameworks",
				);
				PRODUCT_BUNDLE_IDENTIFIER = "org.agnostic-foundation.GrandhalayTests";
				PRODUCT_NAME = "$(TARGET_NAME)";
				SWIFT_VERSION = 5.0;
				TARGETED_DEVICE_FAMILY = "1,2";
				TEST_HOST = "$(BUILT_PRODUCTS_DIR)/Grandhalay.app/Grandhalay";
			};
			name = Release;
		};
		95AAA53D2500955000F7F4B4 /* Debug */ = {
			isa = XCBuildConfiguration;
			buildSettings = {
				ALWAYS_EMBED_SWIFT_STANDARD_LIBRARIES = YES;
				CODE_SIGN_STYLE = Automatic;
				INFOPLIST_FILE = GrandhalayUITests/Info.plist;
				LD_RUNPATH_SEARCH_PATHS = (
					"$(inherited)",
					"@executable_path/Frameworks",
					"@loader_path/Frameworks",
				);
				PRODUCT_BUNDLE_IDENTIFIER = "org.agnostic-foundation.GrandhalayUITests";
				PRODUCT_NAME = "$(TARGET_NAME)";
				SWIFT_VERSION = 5.0;
				TARGETED_DEVICE_FAMILY = "1,2";
				TEST_TARGET_NAME = Grandhalay;
			};
			name = Debug;
		};
		95AAA53E2500955000F7F4B4 /* Release */ = {
			isa = XCBuildConfiguration;
			buildSettings = {
				ALWAYS_EMBED_SWIFT_STANDARD_LIBRARIES = YES;
				CODE_SIGN_STYLE = Automatic;
				INFOPLIST_FILE = GrandhalayUITests/Info.plist;
				LD_RUNPATH_SEARCH_PATHS = (
					"$(inherited)",
					"@executable_path/Frameworks",
					"@loader_path/Frameworks",
				);
				PRODUCT_BUNDLE_IDENTIFIER = "org.agnostic-foundation.GrandhalayUITests";
				PRODUCT_NAME = "$(TARGET_NAME)";
				SWIFT_VERSION = 5.0;
				TARGETED_DEVICE_FAMILY = "1,2";
				TEST_TARGET_NAME = Grandhalay;
			};
			name = Release;
		};
/* End XCBuildConfiguration section */

/* Begin XCConfigurationList section */
		95AAA5072500954F00F7F4B4 /* Build configuration list for PBXProject "Grandhalay" */ = {
			isa = XCConfigurationList;
			buildConfigurations = (
				95AAA5342500955000F7F4B4 /* Debug */,
				95AAA5352500955000F7F4B4 /* Release */,
			);
			defaultConfigurationIsVisible = 0;
			defaultConfigurationName = Release;
		};
		95AAA5362500955000F7F4B4 /* Build configuration list for PBXNativeTarget "Grandhalay" */ = {
			isa = XCConfigurationList;
			buildConfigurations = (
				95AAA5372500955000F7F4B4 /* Debug */,
				95AAA5382500955000F7F4B4 /* Release */,
			);
			defaultConfigurationIsVisible = 0;
			defaultConfigurationName = Release;
		};
		95AAA5392500955000F7F4B4 /* Build configuration list for PBXNativeTarget "GrandhalayTests" */ = {
			isa = XCConfigurationList;
			buildConfigurations = (
				95AAA53A2500955000F7F4B4 /* Debug */,
				95AAA53B2500955000F7F4B4 /* Release */,
			);
			defaultConfigurationIsVisible = 0;
			defaultConfigurationName = Release;
		};
		95AAA53C2500955000F7F4B4 /* Build configuration list for PBXNativeTarget "GrandhalayUITests" */ = {
			isa = XCConfigurationList;
			buildConfigurations = (
				95AAA53D2500955000F7F4B4 /* Debug */,
				95AAA53E2500955000F7F4B4 /* Release */,
			);
			defaultConfigurationIsVisible = 0;
			defaultConfigurationName = Release;
		};
/* End XCConfigurationList section */
	};
	rootObject = 95AAA5042500954F00F7F4B4 /* Project object */;
}
